
Microsoft Visual Studio Solution File, Format Version 12.00
# Visual Studio 15
VisualStudioVersion = 15.0.28307.271
MinimumVisualStudioVersion = 10.0.40219.1
Project("{FAE04EC0-301F-11D3-BF4B-00C04F79EFBC}") = "WatchTool.Client", "WatchTool.Client\WatchTool.Client.csproj", "{087B7790-F9F2-48F3-9161-874E8EDD6999}"
EndProject
Project("{FAE04EC0-301F-11D3-BF4B-00C04F79EFBC}") = "WatchTool.Server", "WatchTool.Server\WatchTool.Server.csproj", "{72E19E48-CC9F-415C-B4B0-AD7417230A66}"
EndProject
Global
	GlobalSection(SolutionConfigurationPlatforms) = preSolution
		Debug|Any CPU = Debug|Any CPU
		Release|Any CPU = Release|Any CPU
	EndGlobalSection
	GlobalSection(ProjectConfigurationPlatforms) = postSolution
		{087B7790-F9F2-48F3-9161-874E8EDD6999}.Debug|Any CPU.ActiveCfg = Debug|Any CPU
		{087B7790-F9F2-48F3-9161-874E8EDD6999}.Debug|Any CPU.Build.0 = Debug|Any CPU
		{087B7790-F9F2-48F3-9161-874E8EDD6999}.Release|Any CPU.ActiveCfg = Release|Any CPU
		{087B7790-F9F2-48F3-9161-874E8EDD6999}.Release|Any CPU.Build.0 = Release|Any CPU
		{72E19E48-CC9F-415C-B4B0-AD7417230A66}.Debug|Any CPU.ActiveCfg = Debug|Any CPU
		{72E19E48-CC9F-415C-B4B0-AD7417230A66}.Debug|Any CPU.Build.0 = Debug|Any CPU
		{72E19E48-CC9F-415C-B4B0-AD7417230A66}.Release|Any CPU.ActiveCfg = Release|Any CPU
		{72E19E48-CC9F-415C-B4B0-AD7417230A66}.Release|Any CPU.Build.0 = Release|Any CPU
	EndGlobalSection
	GlobalSection(SolutionProperties) = preSolution
		HideSolutionNode = FALSE
	EndGlobalSection
	GlobalSection(ExtensibilityGlobals) = postSolution
		SolutionGuid = {EEBF5336-CACF-44E1-ABB2-8CE7324E8A33}
	EndGlobalSection
EndGlobal
